// !$*UTF8*$!
{
	objectVersion = 56;
	objects = {

/* Begin PBXBuildFile section */
		A00000000000000000000011 /* MultiPlayerApp.swift in Sources */ = {isa = PBXBuildFile; fileRef = A00000000000000000000001 /* MultiPlayerApp.swift */; };
		A00000000000000000000012 /* RootView.swift in Sources */ = {isa = PBXBuildFile; fileRef = A00000000000000000000002 /* RootView.swift */; };
		A00000000000000000000013 /* Assets.xcassets in Resources */ = {isa = PBXBuildFile; fileRef = A00000000000000000000003 /* Assets.xcassets */; };
		A00000000000000000000014 /* CoreUI in Frameworks */ = {isa = PBXBuildFile; productRef = A00000000000000000000082 /* CoreUI */; };
		A00000000000000000000015 /* WelcomeView.swift in Sources */ = {isa = PBXBuildFile; fileRef = A00000000000000000000005 /* WelcomeView.swift */; };
		A00000000000000000000016 /* YandexMusicAuthCardView.swift in Sources */ = {isa = PBXBuildFile; fileRef = A00000000000000000000006 /* YandexMusicAuthCardView.swift */; };
		A00000000000000000000017 /* AppRoot.swift in Sources */ = {isa = PBXBuildFile; fileRef = A00000000000000000000007 /* AppRoot.swift */; };
		A00000000000000000000018 /* PlayerPlaceholderView.swift in Sources */ = {isa = PBXBuildFile; fileRef = A00000000000000000000008 /* PlayerPlaceholderView.swift */; };
		A00000000000000000000019 /* AuthFeature in Frameworks */ = {isa = PBXBuildFile; productRef = A00000000000000000000084 /* AuthFeature */; };
		A0000000000000000000001A /* LibraryFeature in Frameworks */ = {isa = PBXBuildFile; productRef = A00000000000000000000086 /* LibraryFeature */; };
		A0000000000000000000001B /* YandexMusicService in Frameworks */ = {isa = PBXBuildFile; productRef = A00000000000000000000088 /* YandexMusicService */; };
/* End PBXBuildFile section */

/* Begin PBXFileReference section */
		A00000000000000000000001 /* MultiPlayerApp.swift */ = {isa = PBXFileReference; lastKnownFileType = sourcecode.swift; path = MultiPlayerApp.swift; sourceTree = "<group>"; };
		A00000000000000000000002 /* RootView.swift */ = {isa = PBXFileReference; lastKnownFileType = sourcecode.swift; path = RootView.swift; sourceTree = "<group>"; };
		A00000000000000000000003 /* Assets.xcassets */ = {isa = PBXFileReference; lastKnownFileType = folder.assetcatalog; path = Resources/Assets.xcassets; sourceTree = "<group>"; };
		A00000000000000000000004 /* MultiPlayer.app */ = {isa = PBXFileReference; explicitFileType = wrapper.application; includeInIndex = 0; path = MultiPlayer.app; sourceTree = BUILT_PRODUCTS_DIR; };
		A00000000000000000000005 /* WelcomeView.swift */ = {isa = PBXFileReference; lastKnownFileType = sourcecode.swift; path = WelcomeView.swift; sourceTree = "<group>"; };
		A00000000000000000000006 /* YandexMusicAuthCardView.swift */ = {isa = PBXFileReference; lastKnownFileType = sourcecode.swift; path = YandexMusicAuthCardView.swift; sourceTree = "<group>"; };
		A00000000000000000000007 /* AppRoot.swift */ = {isa = PBXFileReference; lastKnownFileType = sourcecode.swift; path = AppRoot.swift; sourceTree = "<group>"; };
		A00000000000000000000008 /* PlayerPlaceholderView.swift */ = {isa = PBXFileReference; lastKnownFileType = sourcecode.swift; path = PlayerPlaceholderView.swift; sourceTree = "<group>"; };
		A00000000000000000000009 /* Shared.xcconfig */ = {isa = PBXFileReference; lastKnownFileType = text.xcconfig; path = Shared.xcconfig; sourceTree = "<group>"; };
		A0000000000000000000000A /* Debug.xcconfig */ = {isa = PBXFileReference; lastKnownFileType = text.xcconfig; path = Debug.xcconfig; sourceTree = "<group>"; };
		A0000000000000000000000B /* Release.xcconfig */ = {isa = PBXFileReference; lastKnownFileType = text.xcconfig; path = Release.xcconfig; sourceTree = "<group>"; };
		A0000000000000000000000C /* Info.plist */ = {isa = PBXFileReference; lastKnownFileType = text.plist.xml; path = Resources/Info.plist; sourceTree = "<group>"; };
		A0000000000000000000000D /* Local.example.xcconfig */ = {isa = PBXFileReference; lastKnownFileType = text.xcconfig; path = Local.example.xcconfig; sourceTree = "<group>"; };
/* End PBXFileReference section */

/* Begin PBXFrameworksBuildPhase section */
		A00000000000000000000021 /* Frameworks */ = {
			isa = PBXFrameworksBuildPhase;
			buildActionMask = 2147483647;
			files = (
				A0000000000000000000001B /* YandexMusicService in Frameworks */,
				A0000000000000000000001A /* LibraryFeature in Frameworks */,
				A00000000000000000000019 /* AuthFeature in Frameworks */,
				A00000000000000000000014 /* CoreUI in Frameworks */,
			);
			runOnlyForDeploymentPostprocessing = 0;
		};
/* End PBXFrameworksBuildPhase section */

/* Begin PBXGroup section */
		A00000000000000000000031 = {
			isa = PBXGroup;
			children = (
				A00000000000000000000032 /* App */,
				A00000000000000000000033 /* Products */,
			);
			sourceTree = "<group>";
		};
		A00000000000000000000032 /* App */ = {
			isa = PBXGroup;
			children = (
				A00000000000000000000090 /* Sources */,
				A00000000000000000000095 /* Configs */,
				A00000000000000000000003 /* Assets.xcassets */,
				A0000000000000000000000C /* Info.plist */,
			);
			path = "";
			sourceTree = "<group>";
		};
		A00000000000000000000090 /* Sources */ = {
			isa = PBXGroup;
			children = (
				A00000000000000000000091 /* App */,
				A00000000000000000000092 /* Feature */,
			);
			path = Sources;
			sourceTree = "<group>";
		};
		A00000000000000000000091 /* App */ = {
			isa = PBXGroup;
			children = (
				A00000000000000000000001 /* MultiPlayerApp.swift */,
				A00000000000000000000002 /* RootView.swift */,
				A00000000000000000000007 /* AppRoot.swift */,
			);
			path = App;
			sourceTree = "<group>";
		};
		A00000000000000000000092 /* Feature */ = {
			isa = PBXGroup;
			children = (
				A00000000000000000000093 /* Auth */,
				A00000000000000000000094 /* Player */,
			);
			path = Feature;
			sourceTree = "<group>";
		};
		A00000000000000000000093 /* Auth */ = {
			isa = PBXGroup;
			children = (
				A00000000000000000000005 /* WelcomeView.swift */,
				A00000000000000000000006 /* YandexMusicAuthCardView.swift */,
			);
			path = Auth;
			sourceTree = "<group>";
		};
		A00000000000000000000094 /* Player */ = {
			isa = PBXGroup;
			children = (
				A00000000000000000000008 /* PlayerPlaceholderView.swift */,
			);
			path = Player;
			sourceTree = "<group>";
		};
		A00000000000000000000095 /* Configs */ = {
			isa = PBXGroup;
			children = (
				A0000000000000000000000A /* Debug.xcconfig */,
				A0000000000000000000000B /* Release.xcconfig */,
				A00000000000000000000009 /* Shared.xcconfig */,
				A0000000000000000000000D /* Local.example.xcconfig */,
			);
			path = Configs;
			sourceTree = "<group>";
		};
		A00000000000000000000033 /* Products */ = {
			isa = PBXGroup;
			children = (
				A00000000000000000000004 /* MultiPlayer.app */,
			);
			name = Products;
			sourceTree = "<group>";
		};
/* End PBXGroup section */

/* Begin PBXNativeTarget section */
		A00000000000000000000041 /* MultiPlayer */ = {
			isa = PBXNativeTarget;
			buildConfigurationList = A00000000000000000000051 /* Build configuration list for PBXNativeTarget "MultiPlayer" */;
			buildPhases = (
				A00000000000000000000022 /* Sources */,
				A00000000000000000000021 /* Frameworks */,
				A00000000000000000000023 /* Resources */,
			);
			buildRules = (
			);
			dependencies = (
			);
			name = MultiPlayer;
			packageProductDependencies = (
				A00000000000000000000084 /* AuthFeature */,
				A00000000000000000000082 /* CoreUI */,
				A00000000000000000000086 /* LibraryFeature */,
				A00000000000000000000088 /* YandexMusicService */,
			);
			productName = MultiPlayer;
			productReference = A00000000000000000000004 /* MultiPlayer.app */;
			productType = "com.apple.product-type.application";
		};
/* End PBXNativeTarget section */

/* Begin PBXProject section */
		A00000000000000000000061 /* Project object */ = {
			isa = PBXProject;
			attributes = {
				BuildIndependentTargetsInParallel = 1;
				LastSwiftUpdateCheck = 1600;
				LastUpgradeCheck = 1600;
				TargetAttributes = {
					A00000000000000000000041 = {
						CreatedOnToolsVersion = 16.0;
					};
				};
			};
			buildConfigurationList = A00000000000000000000052 /* Build configuration list for PBXProject "MultiPlayer" */;
			compatibilityVersion = "Xcode 14.0";
			developmentRegion = en;
			hasScannedForEncodings = 0;
			knownRegions = (
				en,
				Base,
			);
			mainGroup = A00000000000000000000031;
			packageReferences = (
				A00000000000000000000083 /* XCLocalSwiftPackageReference "../Feature/Auth" */,
				A00000000000000000000081 /* XCLocalSwiftPackageReference "../Core/UI" */,
				A00000000000000000000085 /* XCLocalSwiftPackageReference "../Feature/Library" */,
				A00000000000000000000087 /* XCLocalSwiftPackageReference "../Services/YandexMusic" */,
			);
			productRefGroup = A00000000000000000000033 /* Products */;
			projectDirPath = "";
			projectRoot = "";
			targets = (
				A00000000000000000000041 /* MultiPlayer */,
			);
		};
/* End PBXProject section */

/* Begin PBXResourcesBuildPhase section */
		A00000000000000000000023 /* Resources */ = {
			isa = PBXResourcesBuildPhase;
			buildActionMask = 2147483647;
			files = (
				A00000000000000000000013 /* Assets.xcassets in Resources */,
			);
			runOnlyForDeploymentPostprocessing = 0;
		};
/* End PBXResourcesBuildPhase section */

/* Begin PBXSourcesBuildPhase section */
		A00000000000000000000022 /* Sources */ = {
			isa = PBXSourcesBuildPhase;
			buildActionMask = 2147483647;
			files = (
				A00000000000000000000011 /* MultiPlayerApp.swift in Sources */,
				A00000000000000000000012 /* RootView.swift in Sources */,
				A00000000000000000000015 /* WelcomeView.swift in Sources */,
				A00000000000000000000016 /* YandexMusicAuthCardView.swift in Sources */,
				A00000000000000000000017 /* AppRoot.swift in Sources */,
				A00000000000000000000018 /* PlayerPlaceholderView.swift in Sources */,
			);
			runOnlyForDeploymentPostprocessing = 0;
		};
/* End PBXSourcesBuildPhase section */

/* Begin XCBuildConfiguration section */
		A00000000000000000000071 /* Debug */ = {
			isa = XCBuildConfiguration;
			buildSettings = {
				ALWAYS_SEARCH_USER_PATHS = NO;
				CLANG_ENABLE_MODULES = YES;
				CLANG_ENABLE_OBJC_ARC = YES;
				CLANG_WARN_BLOCK_CAPTURE_AUTORELEASING = YES;
				CLANG_WARN_BOOL_CONVERSION = YES;
				CLANG_WARN_COMMA = YES;
				CLANG_WARN_CONSTANT_CONVERSION = YES;
				CLANG_WARN_DEPRECATED_OBJC_IMPLEMENTATIONS = YES;
				CLANG_WARN_DIRECT_OBJC_ISA_USAGE = YES_ERROR;
				CLANG_WARN_DOCUMENTATION_COMMENTS = YES;
				CLANG_WARN_EMPTY_BODY = YES;
				CLANG_WARN_ENUM_CONVERSION = YES;
				CLANG_WARN_INFINITE_RECURSION = YES;
				CLANG_WARN_INT_CONVERSION = YES;
				CLANG_WARN_NON_LITERAL_NULL_CONVERSION = YES;
				CLANG_WARN_OBJC_IMPLICIT_RETAIN_SELF = YES;
				CLANG_WARN_OBJC_LITERAL_CONVERSION = YES;
				CLANG_WARN_OBJC_ROOT_CLASS = YES_ERROR;
				CLANG_WARN_QUOTED_INCLUDE_IN_FRAMEWORK_HEADER = YES;
				CLANG_WARN_RANGE_LOOP_ANALYSIS = YES;
				CLANG_WARN_STRICT_PROTOTYPES = YES;
				CLANG_WARN_SUSPICIOUS_MOVE = YES;
				CLANG_WARN_UNGUARDED_AVAILABILITY = YES_AGGRESSIVE;
				CLANG_WARN_UNREACHABLE_CODE = YES;
				COPY_PHASE_STRIP = NO;
				DEBUG_INFORMATION_FORMAT = dwarf;
				ENABLE_STRICT_OBJC_MSGSEND = YES;
				ENABLE_TESTABILITY = YES;
				GCC_C_LANGUAGE_STANDARD = gnu17;
				GCC_DYNAMIC_NO_PIC = NO;
				GCC_NO_COMMON_BLOCKS = YES;
				GCC_OPTIMIZATION_LEVEL = 0;
				GCC_PREPROCESSOR_DEFINITIONS = (
					"DEBUG=1",
					"$(inherited)",
				);
				GCC_WARN_64_TO_32_BIT_CONVERSION = YES;
				GCC_WARN_ABOUT_RETURN_TYPE = YES_ERROR;
				GCC_WARN_UNDECLARED_SELECTOR = YES;
				GCC_WARN_UNINITIALIZED_AUTOS = YES_AGGRESSIVE;
				GCC_WARN_UNUSED_FUNCTION = YES;
				GCC_WARN_UNUSED_VARIABLE = YES;
				IPHONEOS_DEPLOYMENT_TARGET = 17.0;
				MTL_ENABLE_DEBUG_INFO = INCLUDE_SOURCE;
				MTL_FAST_MATH = YES;
				ONLY_ACTIVE_ARCH = YES;
				SDKROOT = iphoneos;
				SWIFT_ACTIVE_COMPILATION_CONDITIONS = "DEBUG $(inherited)";
				SWIFT_OPTIMIZATION_LEVEL = "-Onone";
			};
			name = Debug;
		};
		A00000000000000000000072 /* Release */ = {
			isa = XCBuildConfiguration;
			buildSettings = {
				ALWAYS_SEARCH_USER_PATHS = NO;
				CLANG_ENABLE_MODULES = YES;
				CLANG_ENABLE_OBJC_ARC = YES;
				CLANG_WARN_BLOCK_CAPTURE_AUTORELEASING = YES;
				CLANG_WARN_BOOL_CONVERSION = YES;
				CLANG_WARN_COMMA = YES;
				CLANG_WARN_CONSTANT_CONVERSION = YES;
				CLANG_WARN_DEPRECATED_OBJC_IMPLEMENTATIONS = YES;
				CLANG_WARN_DIRECT_OBJC_ISA_USAGE = YES_ERROR;
				CLANG_WARN_DOCUMENTATION_COMMENTS = YES;
				CLANG_WARN_EMPTY_BODY = YES;
				CLANG_WARN_ENUM_CONVERSION = YES;
				CLANG_WARN_INFINITE_RECURSION = YES;
				CLANG_WARN_INT_CONVERSION = YES;
				CLANG_WARN_NON_LITERAL_NULL_CONVERSION = YES;
				CLANG_WARN_OBJC_IMPLICIT_RETAIN_SELF = YES;
				CLANG_WARN_OBJC_LITERAL_CONVERSION = YES;
				CLANG_WARN_OBJC_ROOT_CLASS = YES_ERROR;
				CLANG_WARN_QUOTED_INCLUDE_IN_FRAMEWORK_HEADER = YES;
				CLANG_WARN_RANGE_LOOP_ANALYSIS = YES;
				CLANG_WARN_STRICT_PROTOTYPES = YES;
				CLANG_WARN_SUSPICIOUS_MOVE = YES;
				CLANG_WARN_UNGUARDED_AVAILABILITY = YES_AGGRESSIVE;
				CLANG_WARN_UNREACHABLE_CODE = YES;
				COPY_PHASE_STRIP = NO;
				DEBUG_INFORMATION_FORMAT = "dwarf-with-dsym";
				ENABLE_NS_ASSERTIONS = NO;
				ENABLE_STRICT_OBJC_MSGSEND = YES;
				GCC_C_LANGUAGE_STANDARD = gnu17;
				GCC_NO_COMMON_BLOCKS = YES;
				GCC_WARN_64_TO_32_BIT_CONVERSION = YES;
				GCC_WARN_ABOUT_RETURN_TYPE = YES_ERROR;
				GCC_WARN_UNDECLARED_SELECTOR = YES;
				GCC_WARN_UNINITIALIZED_AUTOS = YES_AGGRESSIVE;
				GCC_WARN_UNUSED_FUNCTION = YES;
				GCC_WARN_UNUSED_VARIABLE = YES;
				IPHONEOS_DEPLOYMENT_TARGET = 17.0;
				MTL_ENABLE_DEBUG_INFO = NO;
				MTL_FAST_MATH = YES;
				SDKROOT = iphoneos;
				SWIFT_COMPILATION_MODE = wholemodule;
				VALIDATE_PRODUCT = YES;
			};
			name = Release;
		};
		A00000000000000000000073 /* Debug */ = {
			isa = XCBuildConfiguration;
			baseConfigurationReference = A0000000000000000000000A /* Debug.xcconfig */;
			buildSettings = {
				ASSETCATALOG_COMPILER_APPICON_NAME = AppIcon;
				ASSETCATALOG_COMPILER_GLOBAL_ACCENT_COLOR_NAME = AccentColor;
				CODE_SIGN_STYLE = Automatic;
				CURRENT_PROJECT_VERSION = 1;
				DEVELOPMENT_ASSET_PATHS = "\"Resources/Preview Content\"";
				DEVELOPMENT_TEAM = "";
				ENABLE_PREVIEWS = YES;
				GENERATE_INFOPLIST_FILE = NO;
				INFOPLIST_FILE = Resources/Info.plist;
				LD_RUNPATH_SEARCH_PATHS = (
					"$(inherited)",
					"@executable_path/Frameworks",
				);
				MARKETING_VERSION = 1.0;
				PRODUCT_BUNDLE_IDENTIFIER = com.mplayeraudio;
				PRODUCT_NAME = "$(TARGET_NAME)";
				SUPPORTED_PLATFORMS = "iphoneos iphonesimulator";
				SWIFT_EMIT_LOC_STRINGS = YES;
				SWIFT_VERSION = 5.0;
				TARGETED_DEVICE_FAMILY = "1,2";
			};
			name = Debug;
		};
		A00000000000000000000074 /* Release */ = {
			isa = XCBuildConfiguration;
			baseConfigurationReference = A0000000000000000000000B /* Release.xcconfig */;
			buildSettings = {
				ASSETCATALOG_COMPILER_APPICON_NAME = AppIcon;
				ASSETCATALOG_COMPILER_GLOBAL_ACCENT_COLOR_NAME = AccentColor;
				CODE_SIGN_STYLE = Automatic;
				CURRENT_PROJECT_VERSION = 1;
				DEVELOPMENT_ASSET_PATHS = "\"Resources/Preview Content\"";
				DEVELOPMENT_TEAM = "";
				ENABLE_PREVIEWS = YES;
				GENERATE_INFOPLIST_FILE = NO;
				INFOPLIST_FILE = Resources/Info.plist;
				LD_RUNPATH_SEARCH_PATHS = (
					"$(inherited)",
					"@executable_path/Frameworks",
				);
				MARKETING_VERSION = 1.0;
				PRODUCT_BUNDLE_IDENTIFIER = com.mplayeraudio;
				PRODUCT_NAME = "$(TARGET_NAME)";
				SUPPORTED_PLATFORMS = "iphoneos iphonesimulator";
				SWIFT_EMIT_LOC_STRINGS = YES;
				SWIFT_VERSION = 5.0;
				TARGETED_DEVICE_FAMILY = "1,2";
			};
			name = Release;
		};
/* End XCBuildConfiguration section */

/* Begin XCConfigurationList section */
		A00000000000000000000051 /* Build configuration list for PBXNativeTarget "MultiPlayer" */ = {
			isa = XCConfigurationList;
			buildConfigurations = (
				A00000000000000000000073 /* Debug */,
				A00000000000000000000074 /* Release */,
			);
			defaultConfigurationIsVisible = 0;
			defaultConfigurationName = Release;
		};
		A00000000000000000000052 /* Build configuration list for PBXProject "MultiPlayer" */ = {
			isa = XCConfigurationList;
			buildConfigurations = (
				A00000000000000000000071 /* Debug */,
				A00000000000000000000072 /* Release */,
			);
			defaultConfigurationIsVisible = 0;
			defaultConfigurationName = Release;
		};
/* End XCConfigurationList section */

/* Begin XCLocalSwiftPackageReference section */
		A00000000000000000000081 /* XCLocalSwiftPackageReference "../Core/UI" */ = {
			isa = XCLocalSwiftPackageReference;
			relativePath = ../Core/UI;
		};
		A00000000000000000000083 /* XCLocalSwiftPackageReference "../Feature/Auth" */ = {
			isa = XCLocalSwiftPackageReference;
			relativePath = ../Feature/Auth;
		};
		A00000000000000000000085 /* XCLocalSwiftPackageReference "../Feature/Library" */ = {
			isa = XCLocalSwiftPackageReference;
			relativePath = ../Feature/Library;
		};
		A00000000000000000000087 /* XCLocalSwiftPackageReference "../Services/YandexMusic" */ = {
			isa = XCLocalSwiftPackageReference;
			relativePath = ../Services/YandexMusic;
		};
/* End XCLocalSwiftPackageReference section */

/* Begin XCSwiftPackageProductDependency section */
		A00000000000000000000082 /* CoreUI */ = {
			isa = XCSwiftPackageProductDependency;
			productName = CoreUI;
		};
		A00000000000000000000084 /* AuthFeature */ = {
			isa = XCSwiftPackageProductDependency;
			productName = AuthFeature;
		};
		A00000000000000000000086 /* LibraryFeature */ = {
			isa = XCSwiftPackageProductDependency;
			productName = LibraryFeature;
		};
		A00000000000000000000088 /* YandexMusicService */ = {
			isa = XCSwiftPackageProductDependency;
			productName = YandexMusicService;
		};
/* End XCSwiftPackageProductDependency section */
	};
	rootObject = A00000000000000000000061 /* Project object */;
}
